
Microsoft Visual Studio Solution File, Format Version 12.00
# Visual Studio Version 17
VisualStudioVersion = 17.3.32922.545
MinimumVisualStudioVersion = 10.0.40219.1
Project("{8BC9CEB8-8B4A-11D0-8D11-00A0C91BC942}") = "UnrealOodleWrapper", "UnrealOodleWrapper.vcxproj", "{D4AEDC50-DEA6-4AF1-AEED-5882903858C4}"
EndProject
Global
	GlobalSection(SolutionConfigurationPlatforms) = preSolution
		Debug|x64 = Debug|x64
		Debug|x86 = Debug|x86
		Release|x64 = Release|x64
		Release|x86 = Release|x86
	EndGlobalSection
	GlobalSection(ProjectConfigurationPlatforms) = postSolution
		{D4AEDC50-DEA6-4AF1-AEED-5882903858C4}.Debug|x64.ActiveCfg = Debug|x64
		{D4AEDC50-DEA6-4AF1-AEED-5882903858C4}.Debug|x64.Build.0 = Debug|x64
		{D4AEDC50-DEA6-4AF1-AEED-5882903858C4}.Debug|x86.ActiveCfg = Debug|Win32
		{D4AEDC50-DEA6-4AF1-AEED-5882903858C4}.Debug|x86.Build.0 = Debug|Win32
		{D4AEDC50-DEA6-4AF1-AEED-5882903858C4}.Release|x64.ActiveCfg = Release|x64
		{D4AEDC50-DEA6-4AF1-AEED-5882903858C4}.Release|x64.Build.0 = Release|x64
		{D4AEDC50-DEA6-4AF1-AEED-5882903858C4}.Release|x86.ActiveCfg = Release|Win32
		{D4AEDC50-DEA6-4AF1-AEED-5882903858C4}.Release|x86.Build.0 = Release|Win32
	EndGlobalSection
	GlobalSection(SolutionProperties) = preSolution
		HideSolutionNode = FALSE
	EndGlobalSection
	GlobalSection(ExtensibilityGlobals) = postSolution
		SolutionGuid = {6E7FF1E7-0680-4C57-B205-DCA8BB7F1FE8}
	EndGlobalSection
EndGlobal
